
Microsoft Visual Studio Solution File, Format Version 12.00
# Visual Studio Version 16
VisualStudioVersion = 16.0.31321.278
MinimumVisualStudioVersion = 10.0.40219.1
Project("{FAE04EC0-301F-11D3-BF4B-00C04F79EFBC}") = "MVC_TesteSimpress", "SimpressTeste\MVC_TesteSimpress.csproj", "{E2D65739-0F99-4A53-A9AF-D8007C9DFF83}"
EndProject
Global
	GlobalSection(SolutionConfigurationPlatforms) = preSolution
		Debug|Any CPU = Debug|Any CPU
		Release|Any CPU = Release|Any CPU
	EndGlobalSection
	GlobalSection(ProjectConfigurationPlatforms) = postSolution
		{E2D65739-0F99-4A53-A9AF-D8007C9DFF83}.Debug|Any CPU.ActiveCfg = Debug|Any CPU
		{E2D65739-0F99-4A53-A9AF-D8007C9DFF83}.Debug|Any CPU.Build.0 = Debug|Any CPU
		{E2D65739-0F99-4A53-A9AF-D8007C9DFF83}.Release|Any CPU.ActiveCfg = Release|Any CPU
		{E2D65739-0F99-4A53-A9AF-D8007C9DFF83}.Release|Any CPU.Build.0 = Release|Any CPU
	EndGlobalSection
	GlobalSection(SolutionProperties) = preSolution
		HideSolutionNode = FALSE
	EndGlobalSection
	GlobalSection(ExtensibilityGlobals) = postSolution
		SolutionGuid = {B9101854-FAF1-49B9-95E3-3FC358A908CB}
	EndGlobalSection
EndGlobal
